{
  "name": "typescript-playground",
  "version": "1.0.0",
  "lockfileVersion": 1,
  "requires": true,
  "dependencies": {
    "@cspotcode/source-map-consumer": {
      "version": "0.8.0",
      "resolved": "https://artylab.expedia.biz/api/npm/public-npm-virtual/@cspotcode/source-map-consumer/-/source-map-consumer-0.8.0.tgz",
      "integrity": "sha1-M79LeznBeIIWBvZpu8RHpqYpeGs="
    },
    "@cspotcode/source-map-support": {
      "version": "0.7.0",
      "resolved": "https://artylab.expedia.biz/api/npm/public-npm-virtual/@cspotcode/source-map-support/-/source-map-support-0.7.0.tgz",
      "integrity": "sha1-R4mECqhZ5G0vMXNyercHxmvzRPU=",
      "requires": {
        "@cspotcode/source-map-consumer": "0.8.0"
      }
    },
    "@tsconfig/node10": {
      "version": "1.0.8",
      "resolved": "https://artylab.expedia.biz/api/npm/public-npm-virtual/@tsconfig/node10/-/node10-1.0.8.tgz",
      "integrity": "sha1-weToDW+WT77LM1nEO9SLQPfK2tk="
    },
    "@tsconfig/node12": {
      "version": "1.0.9",
      "resolved": "https://artylab.expedia.biz/api/npm/public-npm-virtual/@tsconfig/node12/-/node12-1.0.9.tgz",
      "integrity": "sha1-YsH23uLr2a6tgNw6+laBDljhoEw="
    },
    "@tsconfig/node14": {
      "version": "1.0.1",
      "resolved": "https://artylab.expedia.biz/api/npm/public-npm-virtual/@tsconfig/node14/-/node14-1.0.1.tgz",
      "integrity": "sha1-lfLRZ/+5uNIGiwsjUwL6/U33EfI="
    },
    "@tsconfig/node16": {
      "version": "1.0.2",
      "resolved": "https://artylab.expedia.biz/api/npm/public-npm-virtual/@tsconfig/node16/-/node16-1.0.2.tgz",
      "integrity": "sha1-Qjx3h30Fadsg4fyAiFrEEYMUAQ4="
    },
    "acorn": {
      "version": "8.5.0",
      "resolved": "https://artylab.expedia.biz/api/npm/public-npm-virtual/acorn/-/acorn-8.5.0.tgz",
      "integrity": "sha1-RRLMuZs2mMdSWR6btEcuOK1DzuI="
    },
    "acorn-walk": {
      "version": "8.2.0",
      "resolved": "https://artylab.expedia.biz/api/npm/public-npm-virtual/acorn-walk/-/acorn-walk-8.2.0.tgz",
      "integrity": "sha1-dBIQ8uJCZFRQiFOi9E0KuDt/acE="
    },
    "arg": {
      "version": "4.1.3",
      "resolved": "https://artylab.expedia.biz/api/npm/public-npm-virtual/arg/-/arg-4.1.3.tgz",
      "integrity": "sha1-Jp/HrVuOQstjyJbVZmAXJhwUQIk="
    },
    "create-require": {
      "version": "1.1.1",
      "resolved": "https://artylab.expedia.biz/api/npm/public-npm-virtual/create-require/-/create-require-1.1.1.tgz",
      "integrity": "sha1-wdfo8eX2z8n/ZfnNNS03NIdWwzM="
    },
    "diff": {
      "version": "4.0.2",
      "resolved": "https://artylab.expedia.biz/api/npm/public-npm-virtual/diff/-/diff-4.0.2.tgz",
      "integrity": "sha1-YPOuy4nV+uUgwRqhnvwruYKq3n0="
    },
    "make-error": {
      "version": "1.3.6",
      "resolved": "https://artylab.expedia.biz/api/npm/public-npm-virtual/make-error/-/make-error-1.3.6.tgz",
      "integrity": "sha1-LrLjfqm2fEiR9oShOUeZr0hM96I="
    },
    "ts-node": {
      "version": "10.3.1",
      "resolved": "https://artylab.expedia.biz/api/npm/public-npm-virtual/ts-node/-/ts-node-10.3.1.tgz",
      "integrity": "sha1-c5tCg5tW0aPIUCaZSvcEWy/MxvU=",
      "requires": {
        "@cspotcode/source-map-support": "0.7.0",
        "@tsconfig/node10": "^1.0.7",
        "@tsconfig/node12": "^1.0.7",
        "@tsconfig/node14": "^1.0.0",
        "@tsconfig/node16": "^1.0.2",
        "acorn": "^8.4.1",
        "acorn-walk": "^8.1.1",
        "arg": "^4.1.0",
        "create-require": "^1.1.0",
        "diff": "^4.0.1",
        "make-error": "^1.1.1",
        "yn": "3.1.1"
      }
    },
    "typescript": {
      "version": "4.4.3",
      "resolved": "https://artylab.expedia.biz/api/npm/public-npm-virtual/typescript/-/typescript-4.4.3.tgz",
      "integrity": "sha1-vcVAfKorEJ79T4L+EwZW+XeikyQ=",
      "dev": true
    },
    "yn": {
      "version": "3.1.1",
      "resolved": "https://artylab.expedia.biz/api/npm/public-npm-virtual/yn/-/yn-3.1.1.tgz",
      "integrity": "sha1-HodAGgnXZ8HV6rJqbkwYUYLS61A="
    }
  }
}
